
Microsoft Visual Studio Solution File, Format Version 12.00
# Visual Studio Version 16
VisualStudioVersion = 16.0.30002.166
MinimumVisualStudioVersion = 10.0.40219.1
Project("{FAE04EC0-301F-11D3-BF4B-00C04F79EFBC}") = "DCS_Radio_Mission_Mod", "DCS_Radio_Mission_Mod\DCS_Radio_Mission_Mod.csproj", "{A179DA04-3923-40FA-A2A0-9F19AD56A5A6}"
EndProject
Global
	GlobalSection(SolutionConfigurationPlatforms) = preSolution
		Debug|Any CPU = Debug|Any CPU
		Release|Any CPU = Release|Any CPU
	EndGlobalSection
	GlobalSection(ProjectConfigurationPlatforms) = postSolution
		{A179DA04-3923-40FA-A2A0-9F19AD56A5A6}.Debug|Any CPU.ActiveCfg = Release|Any CPU
		{A179DA04-3923-40FA-A2A0-9F19AD56A5A6}.Debug|Any CPU.Build.0 = Release|Any CPU
		{A179DA04-3923-40FA-A2A0-9F19AD56A5A6}.Release|Any CPU.ActiveCfg = Release|Any CPU
		{A179DA04-3923-40FA-A2A0-9F19AD56A5A6}.Release|Any CPU.Build.0 = Release|Any CPU
	EndGlobalSection
	GlobalSection(SolutionProperties) = preSolution
		HideSolutionNode = FALSE
	EndGlobalSection
	GlobalSection(ExtensibilityGlobals) = postSolution
		SolutionGuid = {8B18396A-55C5-4D46-A3B1-0ECEB8E215D5}
	EndGlobalSection
EndGlobal
